Microsoft Visual Studio Solution File, Format Version 12.00
# Visual Studio Version 17
VisualStudioVersion = 17.5.2.0
MinimumVisualStudioVersion = 10.0.40219.1
Project("{FAE04EC0-301F-11D3-BF4B-00C04F79EFBC}") = "SistemaLogin", "SistemaLogin.csproj", "{D084293D-F2AB-1EAA-35FD-3FF9487BB232}"
EndProject
Global
	GlobalSection(SolutionConfigurationPlatforms) = preSolution
		Debug|Any CPU = Debug|Any CPU
		Release|Any CPU = Release|Any CPU
	EndGlobalSection
	GlobalSection(ProjectConfigurationPlatforms) = postSolution
		{D084293D-F2AB-1EAA-35FD-3FF9487BB232}.Debug|Any CPU.ActiveCfg = Debug|Any CPU
		{D084293D-F2AB-1EAA-35FD-3FF9487BB232}.Debug|Any CPU.Build.0 = Debug|Any CPU
		{D084293D-F2AB-1EAA-35FD-3FF9487BB232}.Release|Any CPU.ActiveCfg = Release|Any CPU
		{D084293D-F2AB-1EAA-35FD-3FF9487BB232}.Release|Any CPU.Build.0 = Release|Any CPU
	EndGlobalSection
	GlobalSection(SolutionProperties) = preSolution
		HideSolutionNode = FALSE
	EndGlobalSection
	GlobalSection(ExtensibilityGlobals) = postSolution
		SolutionGuid = {4FB277A1-73A5-43EF-95DF-B886AE414E6F}
	EndGlobalSection
EndGlobal
